{
  "requires": true,
  "lockfileVersion": 1,
  "dependencies": {
    "jquery-sortablejs": {
      "version": "1.0.1",
      "resolved": "https://registry.npmjs.org/jquery-sortablejs/-/jquery-sortablejs-1.0.1.tgz",
      "integrity": "sha512-tKSyPMC+VfepxfFngVDmOJeYEGakzGHYh+/FgqzqHYJa29cN8i6LN0xlCI8Oc0ShTBWqra+zOgQmlydAVaeWkg==",
      "dev": true
    }
  }
}
