
Microsoft Visual Studio Solution File, Format Version 12.00
# Visual Studio 15
VisualStudioVersion = 15.0.27004.2010
MinimumVisualStudioVersion = 10.0.40219.1
Project("{00D1A9C2-B5F0-4AF3-8072-F6C62B433612}") = "DB", "DB\DB.sqlproj", "{4097D866-92EF-4628-A8D9-28CF44F60A8A}"
EndProject
Project("{9A19103F-16F7-4668-BE54-9A1E7A4F7556}") = "WebAPI", "WebAPI\WebAPI.csproj", "{5122F8C0-B047-4BC6-B6AA-135B6E45A8C3}"
EndProject
Project("{9A19103F-16F7-4668-BE54-9A1E7A4F7556}") = "STS", "STS\STS.csproj", "{7477142A-6563-46E0-AEFD-3BF545647D98}"
EndProject
Project("{9A19103F-16F7-4668-BE54-9A1E7A4F7556}") = "FuncSendUserMailConfirmation", "FuncSendUserMailConfirmation\FuncSendUserMailConfirmation.csproj", "{566C4AB4-DEB5-4893-9603-BFD21E90B8FF}"
EndProject
Project("{9A19103F-16F7-4668-BE54-9A1E7A4F7556}") = "DataModel", "DataModel\DataModel.csproj", "{3C53DD5C-71BA-4E36-A65A-F5FE9AD16A21}"
EndProject
Project("{9A19103F-16F7-4668-BE54-9A1E7A4F7556}") = "DataAccess", "DataAccess\DataAccess.csproj", "{39A5DC7E-A1AF-4753-886E-3B3AE7380D22}"
	ProjectSection(ProjectDependencies) = postProject
		{3C53DD5C-71BA-4E36-A65A-F5FE9AD16A21} = {3C53DD5C-71BA-4E36-A65A-F5FE9AD16A21}
	EndProjectSection
EndProject
Project("{2150E333-8FDC-42A3-9474-1A3956D46DE8}") = "Tests", "Tests", "{09F8146A-8D4E-489B-B244-53A73A5979DD}"
EndProject
Project("{9A19103F-16F7-4668-BE54-9A1E7A4F7556}") = "IdentityModel", "IdentityModel\IdentityModel.csproj", "{B3AACC72-6744-43E2-873C-CB04591E08BA}"
EndProject
Project("{9A19103F-16F7-4668-BE54-9A1E7A4F7556}") = "Tests.WebAPI", "Tests\Tests.WebAPI\Tests.WebAPI.csproj", "{FBA9B71D-314E-49FC-9570-2B2B1CC71261}"
EndProject
Project("{9A19103F-16F7-4668-BE54-9A1E7A4F7556}") = "Tests.Utils", "Tests\Tests.Utils\Tests.Utils.csproj", "{149C1A16-3F34-499E-84DB-E47E979E87FC}"
EndProject
Global
	GlobalSection(SolutionConfigurationPlatforms) = preSolution
		Debug|Any CPU = Debug|Any CPU
		Release|Any CPU = Release|Any CPU
	EndGlobalSection
	GlobalSection(ProjectConfigurationPlatforms) = postSolution
		{4097D866-92EF-4628-A8D9-28CF44F60A8A}.Debug|Any CPU.ActiveCfg = Debug|Any CPU
		{4097D866-92EF-4628-A8D9-28CF44F60A8A}.Debug|Any CPU.Build.0 = Debug|Any CPU
		{4097D866-92EF-4628-A8D9-28CF44F60A8A}.Debug|Any CPU.Deploy.0 = Debug|Any CPU
		{4097D866-92EF-4628-A8D9-28CF44F60A8A}.Release|Any CPU.ActiveCfg = Release|Any CPU
		{4097D866-92EF-4628-A8D9-28CF44F60A8A}.Release|Any CPU.Build.0 = Release|Any CPU
		{4097D866-92EF-4628-A8D9-28CF44F60A8A}.Release|Any CPU.Deploy.0 = Release|Any CPU
		{5122F8C0-B047-4BC6-B6AA-135B6E45A8C3}.Debug|Any CPU.ActiveCfg = Debug|Any CPU
		{5122F8C0-B047-4BC6-B6AA-135B6E45A8C3}.Debug|Any CPU.Build.0 = Debug|Any CPU
		{5122F8C0-B047-4BC6-B6AA-135B6E45A8C3}.Release|Any CPU.ActiveCfg = Release|Any CPU
		{5122F8C0-B047-4BC6-B6AA-135B6E45A8C3}.Release|Any CPU.Build.0 = Release|Any CPU
		{7477142A-6563-46E0-AEFD-3BF545647D98}.Debug|Any CPU.ActiveCfg = Debug|Any CPU
		{7477142A-6563-46E0-AEFD-3BF545647D98}.Debug|Any CPU.Build.0 = Debug|Any CPU
		{7477142A-6563-46E0-AEFD-3BF545647D98}.Release|Any CPU.ActiveCfg = Release|Any CPU
		{7477142A-6563-46E0-AEFD-3BF545647D98}.Release|Any CPU.Build.0 = Release|Any CPU
		{566C4AB4-DEB5-4893-9603-BFD21E90B8FF}.Debug|Any CPU.ActiveCfg = Debug|Any CPU
		{566C4AB4-DEB5-4893-9603-BFD21E90B8FF}.Debug|Any CPU.Build.0 = Debug|Any CPU
		{566C4AB4-DEB5-4893-9603-BFD21E90B8FF}.Release|Any CPU.ActiveCfg = Release|Any CPU
		{566C4AB4-DEB5-4893-9603-BFD21E90B8FF}.Release|Any CPU.Build.0 = Release|Any CPU
		{3C53DD5C-71BA-4E36-A65A-F5FE9AD16A21}.Debug|Any CPU.ActiveCfg = Debug|Any CPU
		{3C53DD5C-71BA-4E36-A65A-F5FE9AD16A21}.Debug|Any CPU.Build.0 = Debug|Any CPU
		{3C53DD5C-71BA-4E36-A65A-F5FE9AD16A21}.Release|Any CPU.ActiveCfg = Release|Any CPU
		{3C53DD5C-71BA-4E36-A65A-F5FE9AD16A21}.Release|Any CPU.Build.0 = Release|Any CPU
		{39A5DC7E-A1AF-4753-886E-3B3AE7380D22}.Debug|Any CPU.ActiveCfg = Debug|Any CPU
		{39A5DC7E-A1AF-4753-886E-3B3AE7380D22}.Debug|Any CPU.Build.0 = Debug|Any CPU
		{39A5DC7E-A1AF-4753-886E-3B3AE7380D22}.Release|Any CPU.ActiveCfg = Release|Any CPU
		{39A5DC7E-A1AF-4753-886E-3B3AE7380D22}.Release|Any CPU.Build.0 = Release|Any CPU
		{B3AACC72-6744-43E2-873C-CB04591E08BA}.Debug|Any CPU.ActiveCfg = Debug|Any CPU
		{B3AACC72-6744-43E2-873C-CB04591E08BA}.Debug|Any CPU.Build.0 = Debug|Any CPU
		{B3AACC72-6744-43E2-873C-CB04591E08BA}.Release|Any CPU.ActiveCfg = Release|Any CPU
		{B3AACC72-6744-43E2-873C-CB04591E08BA}.Release|Any CPU.Build.0 = Release|Any CPU
		{FBA9B71D-314E-49FC-9570-2B2B1CC71261}.Debug|Any CPU.ActiveCfg = Debug|Any CPU
		{FBA9B71D-314E-49FC-9570-2B2B1CC71261}.Debug|Any CPU.Build.0 = Debug|Any CPU
		{FBA9B71D-314E-49FC-9570-2B2B1CC71261}.Release|Any CPU.ActiveCfg = Release|Any CPU
		{FBA9B71D-314E-49FC-9570-2B2B1CC71261}.Release|Any CPU.Build.0 = Release|Any CPU
		{149C1A16-3F34-499E-84DB-E47E979E87FC}.Debug|Any CPU.ActiveCfg = Debug|Any CPU
		{149C1A16-3F34-499E-84DB-E47E979E87FC}.Debug|Any CPU.Build.0 = Debug|Any CPU
		{149C1A16-3F34-499E-84DB-E47E979E87FC}.Release|Any CPU.ActiveCfg = Release|Any CPU
		{149C1A16-3F34-499E-84DB-E47E979E87FC}.Release|Any CPU.Build.0 = Release|Any CPU
	EndGlobalSection
	GlobalSection(SolutionProperties) = preSolution
		HideSolutionNode = FALSE
	EndGlobalSection
	GlobalSection(NestedProjects) = preSolution
		{FBA9B71D-314E-49FC-9570-2B2B1CC71261} = {09F8146A-8D4E-489B-B244-53A73A5979DD}
		{149C1A16-3F34-499E-84DB-E47E979E87FC} = {09F8146A-8D4E-489B-B244-53A73A5979DD}
	EndGlobalSection
	GlobalSection(ExtensibilityGlobals) = postSolution
		SolutionGuid = {6A8513D0-18D0-4389-8361-A77E68BFE9C2}
	EndGlobalSection
EndGlobal
