
Microsoft Visual Studio Solution File, Format Version 12.00
# Visual Studio Version 16
VisualStudioVersion = 16.0.28803.202
MinimumVisualStudioVersion = 10.0.40219.1
Project("{9A19103F-16F7-4668-BE54-9A1E7A4F7556}") = "DataModel", "DataModel\DataModel.csproj", "{3C53DD5C-71BA-4E36-A65A-F5FE9AD16A21}"
EndProject
Project("{9A19103F-16F7-4668-BE54-9A1E7A4F7556}") = "DataAccess", "DataAccess\DataAccess.csproj", "{39A5DC7E-A1AF-4753-886E-3B3AE7380D22}"
	ProjectSection(ProjectDependencies) = postProject
		{3C53DD5C-71BA-4E36-A65A-F5FE9AD16A21} = {3C53DD5C-71BA-4E36-A65A-F5FE9AD16A21}
	EndProjectSection
EndProject
Project("{2150E333-8FDC-42A3-9474-1A3956D46DE8}") = "Tests", "Tests", "{09F8146A-8D4E-489B-B244-53A73A5979DD}"
EndProject
Project("{9A19103F-16F7-4668-BE54-9A1E7A4F7556}") = "Tests.Utils", "Tests\Tests.Utils\Tests.Utils.csproj", "{149C1A16-3F34-499E-84DB-E47E979E87FC}"
EndProject
Project("{9A19103F-16F7-4668-BE54-9A1E7A4F7556}") = "Web", "Web\Web.csproj", "{FA4715B5-DC1F-4305-9B11-CA647CD6C90D}"
EndProject
Project("{9A19103F-16F7-4668-BE54-9A1E7A4F7556}") = "WebAPIModel", "WebAPIModel\WebAPIModel.csproj", "{28CF528C-5BD5-4FA4-BEAF-B6FD0B2C3CC7}"
EndProject
Project("{00D1A9C2-B5F0-4AF3-8072-F6C62B433612}") = "DB", "DB\DB.sqlproj", "{4097D866-92EF-4628-A8D9-28CF44F60A8A}"
EndProject
Project("{9A19103F-16F7-4668-BE54-9A1E7A4F7556}") = "WebAPI", "WebAPI\WebAPI.csproj", "{2F71C1A7-0132-47A8-9678-6594882B4886}"
EndProject
Project("{9A19103F-16F7-4668-BE54-9A1E7A4F7556}") = "Model.Common", "Model.Common\Model.Common.csproj", "{2F0DCB20-1EAD-4959-9881-E9AD26FE1E1F}"
EndProject
Project("{9A19103F-16F7-4668-BE54-9A1E7A4F7556}") = "Common.Utils", "Common.Utils\Common.Utils.csproj", "{3B474975-6889-4FBE-B78C-3EB38C82D735}"
EndProject
Project("{9A19103F-16F7-4668-BE54-9A1E7A4F7556}") = "WebAPI.Tests", "Tests\WebAPI.Tests\WebAPI.Tests.csproj", "{3C307101-F14D-49D4-B52A-F48ABC55EA37}"
EndProject
Project("{9A19103F-16F7-4668-BE54-9A1E7A4F7556}") = "Web.Tests", "Tests\Web.Tests\Web.Tests.csproj", "{184FAF5F-6966-4A98-A5B4-590B207189F3}"
EndProject
Project("{2150E333-8FDC-42A3-9474-1A3956D46DE8}") = "B2C", "B2C", "{CE751FE9-471C-406C-876E-8BD1DC12490D}"
EndProject
Project("{2150E333-8FDC-42A3-9474-1A3956D46DE8}") = "Policies", "Policies", "{3CE5E5A0-2615-4DBB-8A9E-F240570D6564}"
	ProjectSection(SolutionItems) = preProject
		B2C\Policies\ClienteSignUp.xml = B2C\Policies\ClienteSignUp.xml
		B2C\Policies\PasswordReset.xml = B2C\Policies\PasswordReset.xml
		B2C\Policies\ProfileEdit.xml = B2C\Policies\ProfileEdit.xml
		B2C\Policies\SignUpOrSignin.xml = B2C\Policies\SignUpOrSignin.xml
		B2C\Policies\TrustFrameworkBase.xml = B2C\Policies\TrustFrameworkBase.xml
		B2C\Policies\TrustFrameworkExtensions.xml = B2C\Policies\TrustFrameworkExtensions.xml
	EndProjectSection
EndProject
Project("{2150E333-8FDC-42A3-9474-1A3956D46DE8}") = "Tools", "Tools", "{04EED478-EA3D-41CF-A591-8D2439F9CB9D}"
EndProject
Project("{9A19103F-16F7-4668-BE54-9A1E7A4F7556}") = "B2CUtils", "B2CUtils\B2CUtils.csproj", "{7EF7A557-AABA-4099-A8A2-75FA016DC8B3}"
EndProject
Project("{2150E333-8FDC-42A3-9474-1A3956D46DE8}") = "Azure.Serverless", "Azure.Serverless", "{BB47548A-D289-4535-A8B7-536A42F2CC23}"
EndProject
Project("{9A19103F-16F7-4668-BE54-9A1E7A4F7556}") = "Azure.Func.NotificationHandler", "Azure.Serverless\Azure.Func.NotificationHandler\Azure.Func.NotificationHandler.csproj", "{51FDC804-ABAF-4595-BC42-72027BD5A5B2}"
EndProject
Project("{9A19103F-16F7-4668-BE54-9A1E7A4F7556}") = "Azure.Func.WaitingListExpiration", "Azure.Serverless\Azure.Func.WaitingListExpiration\Azure.Func.WaitingListExpiration.csproj", "{37DCBF45-FD91-4418-8950-465C14415719}"
EndProject
Project("{9A19103F-16F7-4668-BE54-9A1E7A4F7556}") = "Azure.Func.SendAccountConfirmationEmail", "Azure.Serverless\Azure.Func.SendAccountConfirmationEmail\Azure.Func.SendAccountConfirmationEmail.csproj", "{D083935C-C5FC-4E63-BEBD-1C738B0F5553}"
EndProject
Project("{2150E333-8FDC-42A3-9474-1A3956D46DE8}") = "CustomPages", "CustomPages", "{3ADAECC6-5269-4816-934B-CB96091728E6}"
	ProjectSection(SolutionItems) = preProject
		B2C\CustomPages\r2do.css = B2C\CustomPages\r2do.css
		B2C\CustomPages\SigninSignup.html = B2C\CustomPages\SigninSignup.html
		B2C\CustomPages\SigninSignupLocalizedResources.it.json = B2C\CustomPages\SigninSignupLocalizedResources.it.json
	EndProjectSection
EndProject
Global
	GlobalSection(SolutionConfigurationPlatforms) = preSolution
		Debug|Any CPU = Debug|Any CPU
		Local|Any CPU = Local|Any CPU
		Release|Any CPU = Release|Any CPU
	EndGlobalSection
	GlobalSection(ProjectConfigurationPlatforms) = postSolution
		{3C53DD5C-71BA-4E36-A65A-F5FE9AD16A21}.Debug|Any CPU.ActiveCfg = Debug|Any CPU
		{3C53DD5C-71BA-4E36-A65A-F5FE9AD16A21}.Debug|Any CPU.Build.0 = Debug|Any CPU
		{3C53DD5C-71BA-4E36-A65A-F5FE9AD16A21}.Local|Any CPU.ActiveCfg = Local|Any CPU
		{3C53DD5C-71BA-4E36-A65A-F5FE9AD16A21}.Local|Any CPU.Build.0 = Local|Any CPU
		{3C53DD5C-71BA-4E36-A65A-F5FE9AD16A21}.Release|Any CPU.ActiveCfg = Release|Any CPU
		{3C53DD5C-71BA-4E36-A65A-F5FE9AD16A21}.Release|Any CPU.Build.0 = Release|Any CPU
		{39A5DC7E-A1AF-4753-886E-3B3AE7380D22}.Debug|Any CPU.ActiveCfg = Debug|Any CPU
		{39A5DC7E-A1AF-4753-886E-3B3AE7380D22}.Debug|Any CPU.Build.0 = Debug|Any CPU
		{39A5DC7E-A1AF-4753-886E-3B3AE7380D22}.Local|Any CPU.ActiveCfg = Local|Any CPU
		{39A5DC7E-A1AF-4753-886E-3B3AE7380D22}.Local|Any CPU.Build.0 = Local|Any CPU
		{39A5DC7E-A1AF-4753-886E-3B3AE7380D22}.Release|Any CPU.ActiveCfg = Release|Any CPU
		{39A5DC7E-A1AF-4753-886E-3B3AE7380D22}.Release|Any CPU.Build.0 = Release|Any CPU
		{149C1A16-3F34-499E-84DB-E47E979E87FC}.Debug|Any CPU.ActiveCfg = Debug|Any CPU
		{149C1A16-3F34-499E-84DB-E47E979E87FC}.Debug|Any CPU.Build.0 = Debug|Any CPU
		{149C1A16-3F34-499E-84DB-E47E979E87FC}.Local|Any CPU.ActiveCfg = Local|Any CPU
		{149C1A16-3F34-499E-84DB-E47E979E87FC}.Local|Any CPU.Build.0 = Local|Any CPU
		{149C1A16-3F34-499E-84DB-E47E979E87FC}.Release|Any CPU.ActiveCfg = Release|Any CPU
		{149C1A16-3F34-499E-84DB-E47E979E87FC}.Release|Any CPU.Build.0 = Release|Any CPU
		{FA4715B5-DC1F-4305-9B11-CA647CD6C90D}.Debug|Any CPU.ActiveCfg = Debug|Any CPU
		{FA4715B5-DC1F-4305-9B11-CA647CD6C90D}.Debug|Any CPU.Build.0 = Debug|Any CPU
		{FA4715B5-DC1F-4305-9B11-CA647CD6C90D}.Local|Any CPU.ActiveCfg = Local|Any CPU
		{FA4715B5-DC1F-4305-9B11-CA647CD6C90D}.Local|Any CPU.Build.0 = Local|Any CPU
		{FA4715B5-DC1F-4305-9B11-CA647CD6C90D}.Release|Any CPU.ActiveCfg = Release|Any CPU
		{FA4715B5-DC1F-4305-9B11-CA647CD6C90D}.Release|Any CPU.Build.0 = Release|Any CPU
		{28CF528C-5BD5-4FA4-BEAF-B6FD0B2C3CC7}.Debug|Any CPU.ActiveCfg = Debug|Any CPU
		{28CF528C-5BD5-4FA4-BEAF-B6FD0B2C3CC7}.Debug|Any CPU.Build.0 = Debug|Any CPU
		{28CF528C-5BD5-4FA4-BEAF-B6FD0B2C3CC7}.Local|Any CPU.ActiveCfg = Local|Any CPU
		{28CF528C-5BD5-4FA4-BEAF-B6FD0B2C3CC7}.Local|Any CPU.Build.0 = Local|Any CPU
		{28CF528C-5BD5-4FA4-BEAF-B6FD0B2C3CC7}.Release|Any CPU.ActiveCfg = Release|Any CPU
		{28CF528C-5BD5-4FA4-BEAF-B6FD0B2C3CC7}.Release|Any CPU.Build.0 = Release|Any CPU
		{4097D866-92EF-4628-A8D9-28CF44F60A8A}.Debug|Any CPU.ActiveCfg = Debug|Any CPU
		{4097D866-92EF-4628-A8D9-28CF44F60A8A}.Debug|Any CPU.Build.0 = Debug|Any CPU
		{4097D866-92EF-4628-A8D9-28CF44F60A8A}.Debug|Any CPU.Deploy.0 = Debug|Any CPU
		{4097D866-92EF-4628-A8D9-28CF44F60A8A}.Local|Any CPU.ActiveCfg = Release|Any CPU
		{4097D866-92EF-4628-A8D9-28CF44F60A8A}.Local|Any CPU.Build.0 = Release|Any CPU
		{4097D866-92EF-4628-A8D9-28CF44F60A8A}.Local|Any CPU.Deploy.0 = Release|Any CPU
		{4097D866-92EF-4628-A8D9-28CF44F60A8A}.Release|Any CPU.ActiveCfg = Release|Any CPU
		{4097D866-92EF-4628-A8D9-28CF44F60A8A}.Release|Any CPU.Build.0 = Release|Any CPU
		{4097D866-92EF-4628-A8D9-28CF44F60A8A}.Release|Any CPU.Deploy.0 = Release|Any CPU
		{2F71C1A7-0132-47A8-9678-6594882B4886}.Debug|Any CPU.ActiveCfg = Debug|Any CPU
		{2F71C1A7-0132-47A8-9678-6594882B4886}.Debug|Any CPU.Build.0 = Debug|Any CPU
		{2F71C1A7-0132-47A8-9678-6594882B4886}.Local|Any CPU.ActiveCfg = Local|Any CPU
		{2F71C1A7-0132-47A8-9678-6594882B4886}.Local|Any CPU.Build.0 = Local|Any CPU
		{2F71C1A7-0132-47A8-9678-6594882B4886}.Release|Any CPU.ActiveCfg = Release|Any CPU
		{2F71C1A7-0132-47A8-9678-6594882B4886}.Release|Any CPU.Build.0 = Release|Any CPU
		{2F0DCB20-1EAD-4959-9881-E9AD26FE1E1F}.Debug|Any CPU.ActiveCfg = Debug|Any CPU
		{2F0DCB20-1EAD-4959-9881-E9AD26FE1E1F}.Debug|Any CPU.Build.0 = Debug|Any CPU
		{2F0DCB20-1EAD-4959-9881-E9AD26FE1E1F}.Local|Any CPU.ActiveCfg = Local|Any CPU
		{2F0DCB20-1EAD-4959-9881-E9AD26FE1E1F}.Local|Any CPU.Build.0 = Local|Any CPU
		{2F0DCB20-1EAD-4959-9881-E9AD26FE1E1F}.Release|Any CPU.ActiveCfg = Release|Any CPU
		{2F0DCB20-1EAD-4959-9881-E9AD26FE1E1F}.Release|Any CPU.Build.0 = Release|Any CPU
		{3B474975-6889-4FBE-B78C-3EB38C82D735}.Debug|Any CPU.ActiveCfg = Debug|Any CPU
		{3B474975-6889-4FBE-B78C-3EB38C82D735}.Debug|Any CPU.Build.0 = Debug|Any CPU
		{3B474975-6889-4FBE-B78C-3EB38C82D735}.Local|Any CPU.ActiveCfg = Local|Any CPU
		{3B474975-6889-4FBE-B78C-3EB38C82D735}.Local|Any CPU.Build.0 = Local|Any CPU
		{3B474975-6889-4FBE-B78C-3EB38C82D735}.Release|Any CPU.ActiveCfg = Release|Any CPU
		{3B474975-6889-4FBE-B78C-3EB38C82D735}.Release|Any CPU.Build.0 = Release|Any CPU
		{3C307101-F14D-49D4-B52A-F48ABC55EA37}.Debug|Any CPU.ActiveCfg = Debug|Any CPU
		{3C307101-F14D-49D4-B52A-F48ABC55EA37}.Debug|Any CPU.Build.0 = Debug|Any CPU
		{3C307101-F14D-49D4-B52A-F48ABC55EA37}.Local|Any CPU.ActiveCfg = Local|Any CPU
		{3C307101-F14D-49D4-B52A-F48ABC55EA37}.Local|Any CPU.Build.0 = Local|Any CPU
		{3C307101-F14D-49D4-B52A-F48ABC55EA37}.Release|Any CPU.ActiveCfg = Release|Any CPU
		{3C307101-F14D-49D4-B52A-F48ABC55EA37}.Release|Any CPU.Build.0 = Release|Any CPU
		{184FAF5F-6966-4A98-A5B4-590B207189F3}.Debug|Any CPU.ActiveCfg = Debug|Any CPU
		{184FAF5F-6966-4A98-A5B4-590B207189F3}.Debug|Any CPU.Build.0 = Debug|Any CPU
		{184FAF5F-6966-4A98-A5B4-590B207189F3}.Local|Any CPU.ActiveCfg = Local|Any CPU
		{184FAF5F-6966-4A98-A5B4-590B207189F3}.Local|Any CPU.Build.0 = Local|Any CPU
		{184FAF5F-6966-4A98-A5B4-590B207189F3}.Release|Any CPU.ActiveCfg = Release|Any CPU
		{184FAF5F-6966-4A98-A5B4-590B207189F3}.Release|Any CPU.Build.0 = Release|Any CPU
		{7EF7A557-AABA-4099-A8A2-75FA016DC8B3}.Debug|Any CPU.ActiveCfg = Debug|Any CPU
		{7EF7A557-AABA-4099-A8A2-75FA016DC8B3}.Debug|Any CPU.Build.0 = Debug|Any CPU
		{7EF7A557-AABA-4099-A8A2-75FA016DC8B3}.Local|Any CPU.ActiveCfg = Debug|Any CPU
		{7EF7A557-AABA-4099-A8A2-75FA016DC8B3}.Local|Any CPU.Build.0 = Debug|Any CPU
		{7EF7A557-AABA-4099-A8A2-75FA016DC8B3}.Release|Any CPU.ActiveCfg = Release|Any CPU
		{7EF7A557-AABA-4099-A8A2-75FA016DC8B3}.Release|Any CPU.Build.0 = Release|Any CPU
		{51FDC804-ABAF-4595-BC42-72027BD5A5B2}.Debug|Any CPU.ActiveCfg = Debug|Any CPU
		{51FDC804-ABAF-4595-BC42-72027BD5A5B2}.Debug|Any CPU.Build.0 = Debug|Any CPU
		{51FDC804-ABAF-4595-BC42-72027BD5A5B2}.Local|Any CPU.ActiveCfg = Local|Any CPU
		{51FDC804-ABAF-4595-BC42-72027BD5A5B2}.Local|Any CPU.Build.0 = Local|Any CPU
		{51FDC804-ABAF-4595-BC42-72027BD5A5B2}.Release|Any CPU.ActiveCfg = Release|Any CPU
		{51FDC804-ABAF-4595-BC42-72027BD5A5B2}.Release|Any CPU.Build.0 = Release|Any CPU
		{37DCBF45-FD91-4418-8950-465C14415719}.Debug|Any CPU.ActiveCfg = Debug|Any CPU
		{37DCBF45-FD91-4418-8950-465C14415719}.Debug|Any CPU.Build.0 = Debug|Any CPU
		{37DCBF45-FD91-4418-8950-465C14415719}.Local|Any CPU.ActiveCfg = Local|Any CPU
		{37DCBF45-FD91-4418-8950-465C14415719}.Local|Any CPU.Build.0 = Local|Any CPU
		{37DCBF45-FD91-4418-8950-465C14415719}.Release|Any CPU.ActiveCfg = Release|Any CPU
		{37DCBF45-FD91-4418-8950-465C14415719}.Release|Any CPU.Build.0 = Release|Any CPU
		{D083935C-C5FC-4E63-BEBD-1C738B0F5553}.Debug|Any CPU.ActiveCfg = Debug|Any CPU
		{D083935C-C5FC-4E63-BEBD-1C738B0F5553}.Debug|Any CPU.Build.0 = Debug|Any CPU
		{D083935C-C5FC-4E63-BEBD-1C738B0F5553}.Local|Any CPU.ActiveCfg = Debug|Any CPU
		{D083935C-C5FC-4E63-BEBD-1C738B0F5553}.Local|Any CPU.Build.0 = Debug|Any CPU
		{D083935C-C5FC-4E63-BEBD-1C738B0F5553}.Release|Any CPU.ActiveCfg = Release|Any CPU
		{D083935C-C5FC-4E63-BEBD-1C738B0F5553}.Release|Any CPU.Build.0 = Release|Any CPU
	EndGlobalSection
	GlobalSection(SolutionProperties) = preSolution
		HideSolutionNode = FALSE
	EndGlobalSection
	GlobalSection(NestedProjects) = preSolution
		{149C1A16-3F34-499E-84DB-E47E979E87FC} = {09F8146A-8D4E-489B-B244-53A73A5979DD}
		{3C307101-F14D-49D4-B52A-F48ABC55EA37} = {09F8146A-8D4E-489B-B244-53A73A5979DD}
		{184FAF5F-6966-4A98-A5B4-590B207189F3} = {09F8146A-8D4E-489B-B244-53A73A5979DD}
		{3CE5E5A0-2615-4DBB-8A9E-F240570D6564} = {CE751FE9-471C-406C-876E-8BD1DC12490D}
		{7EF7A557-AABA-4099-A8A2-75FA016DC8B3} = {04EED478-EA3D-41CF-A591-8D2439F9CB9D}
		{51FDC804-ABAF-4595-BC42-72027BD5A5B2} = {BB47548A-D289-4535-A8B7-536A42F2CC23}
		{37DCBF45-FD91-4418-8950-465C14415719} = {BB47548A-D289-4535-A8B7-536A42F2CC23}
		{D083935C-C5FC-4E63-BEBD-1C738B0F5553} = {BB47548A-D289-4535-A8B7-536A42F2CC23}
		{3ADAECC6-5269-4816-934B-CB96091728E6} = {CE751FE9-471C-406C-876E-8BD1DC12490D}
	EndGlobalSection
	GlobalSection(ExtensibilityGlobals) = postSolution
		SolutionGuid = {6A8513D0-18D0-4389-8361-A77E68BFE9C2}
	EndGlobalSection
EndGlobal
